lockfileVersion: 5.4

specifiers:
  randomstring: ^1.2.3
  uuid: ^9.0.0

dependencies:
  randomstring: 1.2.3
  uuid: 9.0.0

packages:

  /array-uniq/1.0.2:
    resolution: {integrity: sha512-GVYjmpL05al4dNlKJm53mKE4w9OOLiuVHWorsIA3YVz+Hu0hcn6PtE3Ydl0EqU7v+7ABC4mjjWsnLUxbpno+CA==}
    engines: {node: '>=0.10.0'}
    dev: false

  /randombytes/2.0.3:
    resolution: {integrity: sha512-lDVjxQQFoCG1jcrP06LNo2lbWp4QTShEXnhActFBwYuHprllQV6VUpwreApsYqCgD+N1mHoqJ/BI/4eV4R2GYg==}
    dev: false

  /randomstring/1.2.3:
    resolution: {integrity: sha512-3dEFySepTzp2CvH6W/ASYGguPPveBuz5MpZ7MuoUkoVehmyNl9+F9c9GFVrz2QPbM9NXTIHGcmJDY/3j4677kQ==}
    hasBin: true
    dependencies:
      array-uniq: 1.0.2
      randombytes: 2.0.3
    dev: false

  /uuid/9.0.0:
    resolution: {integrity: sha512-MXcSTerfPa4uqyzStbRoTgt5XIe3x5+42+q1sDuy3R5MDk66URdLMOZe5aPX/SQd+kuYAh0FdP/pO28IkQyTeg==}
    hasBin: true
    dev: false
